// !$*UTF8*$!
{
	archiveVersion = 1;
	classes = {
	};
	objectVersion = 46;
	objects = {

/* Begin PBXBuildFile section */
		492B72711AE997540014DED3 /* AnimationController.swift in Sources */ = {isa = PBXBuildFile; fileRef = 492B72701AE997540014DED3 /* AnimationController.swift */; };
		492B72731AE9DA3D0014DED3 /* WorkVC.swift in Sources */ = {isa = PBXBuildFile; fileRef = 492B72721AE9DA3D0014DED3 /* WorkVC.swift */; };
		492B72751AE9DCEB0014DED3 /* InfoVC.swift in Sources */ = {isa = PBXBuildFile; fileRef = 492B72741AE9DCEB0014DED3 /* InfoVC.swift */; };
		492B72771AE9E7940014DED3 /* ScrollingView.swift in Sources */ = {isa = PBXBuildFile; fileRef = 492B72761AE9E7940014DED3 /* ScrollingView.swift */; };
		492B72881AE9F16C0014DED3 /* DecelerationBehaviour.m in Sources */ = {isa = PBXBuildFile; fileRef = 492B72851AE9F16C0014DED3 /* DecelerationBehaviour.m */; };
		492B72891AE9F16C0014DED3 /* UIImage+StackBlur.m in Sources */ = {isa = PBXBuildFile; fileRef = 492B72871AE9F16C0014DED3 /* UIImage+StackBlur.m */; };
		492B728D1AEAD1C80014DED3 /* work.html in Resources */ = {isa = PBXBuildFile; fileRef = 492B728C1AEAD1C80014DED3 /* work.html */; };
		492B72921AEAD5C10014DED3 /* HTMLFileDisplayer.m in Sources */ = {isa = PBXBuildFile; fileRef = 492B72911AEAD5C10014DED3 /* HTMLFileDisplayer.m */; };
		492B72941AEB1BA60014DED3 /* EducationVC.swift in Sources */ = {isa = PBXBuildFile; fileRef = 492B72931AEB1BA60014DED3 /* EducationVC.swift */; };
		492B72961AEB1C710014DED3 /* education.html in Resources */ = {isa = PBXBuildFile; fileRef = 492B72951AEB1C710014DED3 /* education.html */; };
		492B72981AEB1DD20014DED3 /* umn.jpg in Resources */ = {isa = PBXBuildFile; fileRef = 492B72971AEB1DD20014DED3 /* umn.jpg */; };
		492B729A1AEB1EF90014DED3 /* ProjectsVC.swift in Sources */ = {isa = PBXBuildFile; fileRef = 492B72991AEB1EF90014DED3 /* ProjectsVC.swift */; };
		492B729C1AEB1F180014DED3 /* projects.html in Resources */ = {isa = PBXBuildFile; fileRef = 492B729B1AEB1F180014DED3 /* projects.html */; };
		492B729E1AEB20270014DED3 /* hidrate.png in Resources */ = {isa = PBXBuildFile; fileRef = 492B729D1AEB20270014DED3 /* hidrate.png */; };
		492B72A01AEB21540014DED3 /* SkillsVC.swift in Sources */ = {isa = PBXBuildFile; fileRef = 492B729F1AEB21540014DED3 /* SkillsVC.swift */; };
		492B72A21AEB21730014DED3 /* skills.html in Resources */ = {isa = PBXBuildFile; fileRef = 492B72A11AEB21730014DED3 /* skills.html */; };
		492B72A41AEB22950014DED3 /* lighthouse.jpg in Resources */ = {isa = PBXBuildFile; fileRef = 492B72A31AEB22950014DED3 /* lighthouse.jpg */; };
		492B72A71AEB24A10014DED3 /* Thomson-Reuters.jpg in Resources */ = {isa = PBXBuildFile; fileRef = 492B72A61AEB24A10014DED3 /* Thomson-Reuters.jpg */; };
		492B72AA1AEBF23F0014DED3 /* Colors.swift in Sources */ = {isa = PBXBuildFile; fileRef = 492B72A91AEBF23F0014DED3 /* Colors.swift */; };
		492B72AC1AEC07500014DED3 /* ButtonView.swift in Sources */ = {isa = PBXBuildFile; fileRef = 492B72AB1AEC07500014DED3 /* ButtonView.swift */; };
		494EDA801AE8713F003647A5 /* MasterVC.swift in Sources */ = {isa = PBXBuildFile; fileRef = 494EDA7F1AE8713F003647A5 /* MasterVC.swift */; };
		499991851AA93BE3008CF211 /* AppDelegate.swift in Sources */ = {isa = PBXBuildFile; fileRef = 499991841AA93BE3008CF211 /* AppDelegate.swift */; };
		4999918A1AA93BE3008CF211 /* Main.storyboard in Resources */ = {isa = PBXBuildFile; fileRef = 499991881AA93BE3008CF211 /* Main.storyboard */; };
		4999918C1AA93BE3008CF211 /* Images.xcassets in Resources */ = {isa = PBXBuildFile; fileRef = 4999918B1AA93BE3008CF211 /* Images.xcassets */; };
		4999918F1AA93BE3008CF211 /* LaunchScreen.xib in Resources */ = {isa = PBXBuildFile; fileRef = 4999918D1AA93BE3008CF211 /* LaunchScreen.xib */; };
		4999919B1AA93BE3008CF211 /* WWDC15Tests.swift in Sources */ = {isa = PBXBuildFile; fileRef = 4999919A1AA93BE3008CF211 /* WWDC15Tests.swift */; };
		499991A81AA94A8F008CF211 /* IMG_0247.jpg in Resources */ = {isa = PBXBuildFile; fileRef = 499991A71AA94A8F008CF211 /* IMG_0247.jpg */; };
		499991B31AA95C82008CF211 /* BorderLabel.swift in Sources */ = {isa = PBXBuildFile; fileRef = 499991B21AA95C82008CF211 /* BorderLabel.swift */; };
/* End PBXBuildFile section */

/* Begin PBXContainerItemProxy section */
		499991951AA93BE3008CF211 /* PBXContainerItemProxy */ = {
			isa = PBXContainerItemProxy;
			containerPortal = 499991771AA93BE3008CF211 /* Project object */;
			proxyType = 1;
			remoteGlobalIDString = 4999917E1AA93BE3008CF211;
			remoteInfo = WWDC15;
		};
/* End PBXContainerItemProxy section */

/* Begin PBXFileReference section */
		492B72701AE997540014DED3 /* AnimationController.swift */ = {isa = PBXFileReference; fileEncoding = 4; lastKnownFileType = sourcecode.swift; path = AnimationController.swift; sourceTree = "<group>"; };
		492B72721AE9DA3D0014DED3 /* WorkVC.swift */ = {isa = PBXFileReference; fileEncoding = 4; lastKnownFileType = sourcecode.swift; path = WorkVC.swift; sourceTree = "<group>"; };
		492B72741AE9DCEB0014DED3 /* InfoVC.swift */ = {isa = PBXFileReference; fileEncoding = 4; lastKnownFileType = sourcecode.swift; path = InfoVC.swift; sourceTree = "<group>"; };
		492B72761AE9E7940014DED3 /* ScrollingView.swift */ = {isa = PBXFileReference; fileEncoding = 4; lastKnownFileType = sourcecode.swift; path = ScrollingView.swift; sourceTree = "<group>"; };
		492B72841AE9F16C0014DED3 /* DecelerationBehaviour.h */ = {isa = PBXFileReference; fileEncoding = 4; lastKnownFileType = sourcecode.c.h; path = DecelerationBehaviour.h; sourceTree = "<group>"; };
		492B72851AE9F16C0014DED3 /* DecelerationBehaviour.m */ = {isa = PBXFileReference; fileEncoding = 4; lastKnownFileType = sourcecode.c.objc; path = DecelerationBehaviour.m; sourceTree = "<group>"; };
		492B72861AE9F16C0014DED3 /* UIImage+StackBlur.h */ = {isa = PBXFileReference; fileEncoding = 4; lastKnownFileType = sourcecode.c.h; path = "UIImage+StackBlur.h"; sourceTree = "<group>"; };
		492B72871AE9F16C0014DED3 /* UIImage+StackBlur.m */ = {isa = PBXFileReference; fileEncoding = 4; lastKnownFileType = sourcecode.c.objc; path = "UIImage+StackBlur.m"; sourceTree = "<group>"; };
		492B728A1AE9F1920014DED3 /* Marc-Cuva-BridgingHeader.h */ = {isa = PBXFileReference; lastKnownFileType = sourcecode.c.h; path = "Marc-Cuva-BridgingHeader.h"; sourceTree = "<group>"; };
		492B728C1AEAD1C80014DED3 /* work.html */ = {isa = PBXFileReference; fileEncoding = 4; lastKnownFileType = text.html; path = work.html; sourceTree = "<group>"; };
		492B72901AEAD5C10014DED3 /* HTMLFileDisplayer.h */ = {isa = PBXFileReference; fileEncoding = 4; lastKnownFileType = sourcecode.c.h; path = HTMLFileDisplayer.h; sourceTree = "<group>"; };
		492B72911AEAD5C10014DED3 /* HTMLFileDisplayer.m */ = {isa = PBXFileReference; fileEncoding = 4; lastKnownFileType = sourcecode.c.objc; path = HTMLFileDisplayer.m; sourceTree = "<group>"; };
		492B72931AEB1BA60014DED3 /* EducationVC.swift */ = {isa = PBXFileReference; fileEncoding = 4; lastKnownFileType = sourcecode.swift; path = EducationVC.swift; sourceTree = "<group>"; };
		492B72951AEB1C710014DED3 /* education.html */ = {isa = PBXFileReference; fileEncoding = 4; lastKnownFileType = text.html; path = education.html; sourceTree = "<group>"; };
		492B72971AEB1DD20014DED3 /* umn.jpg */ = {isa = PBXFileReference; lastKnownFileType = image.jpeg; name = umn.jpg; path = Images/umn.jpg; sourceTree = "<group>"; };
		492B72991AEB1EF90014DED3 /* ProjectsVC.swift */ = {isa = PBXFileReference; fileEncoding = 4; lastKnownFileType = sourcecode.swift; path = ProjectsVC.swift; sourceTree = "<group>"; };
		492B729B1AEB1F180014DED3 /* projects.html */ = {isa = PBXFileReference; fileEncoding = 4; lastKnownFileType = text.html; path = projects.html; sourceTree = "<group>"; };
		492B729D1AEB20270014DED3 /* hidrate.png */ = {isa = PBXFileReference; lastKnownFileType = image.png; name = hidrate.png; path = Images/hidrate.png; sourceTree = "<group>"; };
		492B729F1AEB21540014DED3 /* SkillsVC.swift */ = {isa = PBXFileReference; fileEncoding = 4; lastKnownFileType = sourcecode.swift; path = SkillsVC.swift; sourceTree = "<group>"; };
		492B72A11AEB21730014DED3 /* skills.html */ = {isa = PBXFileReference; fileEncoding = 4; lastKnownFileType = text.html; path = skills.html; sourceTree = "<group>"; };
		492B72A31AEB22950014DED3 /* lighthouse.jpg */ = {isa = PBXFileReference; lastKnownFileType = image.jpeg; name = lighthouse.jpg; path = Images/lighthouse.jpg; sourceTree = "<group>"; };
		492B72A61AEB24A10014DED3 /* Thomson-Reuters.jpg */ = {isa = PBXFileReference; lastKnownFileType = image.jpeg; name = "Thomson-Reuters.jpg"; path = "Images/Thomson-Reuters.jpg"; sourceTree = "<group>"; };
		492B72A91AEBF23F0014DED3 /* Colors.swift */ = {isa = PBXFileReference; fileEncoding = 4; lastKnownFileType = sourcecode.swift; path = Colors.swift; sourceTree = "<group>"; };
		492B72AB1AEC07500014DED3 /* ButtonView.swift */ = {isa = PBXFileReference; fileEncoding = 4; lastKnownFileType = sourcecode.swift; path = ButtonView.swift; sourceTree = "<group>"; };
		494EDA7F1AE8713F003647A5 /* MasterVC.swift */ = {isa = PBXFileReference; fileEncoding = 4; lastKnownFileType = sourcecode.swift; path = MasterVC.swift; sourceTree = "<group>"; };
		4999917F1AA93BE3008CF211 /* Marc Cuva.app */ = {isa = PBXFileReference; explicitFileType = wrapper.application; includeInIndex = 0; path = "Marc Cuva.app"; sourceTree = BUILT_PRODUCTS_DIR; };
		499991831AA93BE3008CF211 /* Info.plist */ = {isa = PBXFileReference; lastKnownFileType = text.plist.xml; path = Info.plist; sourceTree = "<group>"; };
		499991841AA93BE3008CF211 /* AppDelegate.swift */ = {isa = PBXFileReference; lastKnownFileType = sourcecode.swift; path = AppDelegate.swift; sourceTree = "<group>"; };
		499991891AA93BE3008CF211 /* Base */ = {isa = PBXFileReference; lastKnownFileType = file.storyboard; name = Base; path = Base.lproj/Main.storyboard; sourceTree = "<group>"; };
		4999918B1AA93BE3008CF211 /* Images.xcassets */ = {isa = PBXFileReference; lastKnownFileType = folder.assetcatalog; path = Images.xcassets; sourceTree = "<group>"; };
		4999918E1AA93BE3008CF211 /* Base */ = {isa = PBXFileReference; lastKnownFileType = file.xib; name = Base; path = Base.lproj/LaunchScreen.xib; sourceTree = "<group>"; };
		499991941AA93BE3008CF211 /* WWDC15Tests.xctest */ = {isa = PBXFileReference; explicitFileType = wrapper.cfbundle; includeInIndex = 0; path = WWDC15Tests.xctest; sourceTree = BUILT_PRODUCTS_DIR; };
		499991991AA93BE3008CF211 /* Info.plist */ = {isa = PBXFileReference; lastKnownFileType = text.plist.xml; path = Info.plist; sourceTree = "<group>"; };
		4999919A1AA93BE3008CF211 /* WWDC15Tests.swift */ = {isa = PBXFileReference; lastKnownFileType = sourcecode.swift; path = WWDC15Tests.swift; sourceTree = "<group>"; };
		499991A71AA94A8F008CF211 /* IMG_0247.jpg */ = {isa = PBXFileReference; lastKnownFileType = image.jpeg; name = IMG_0247.jpg; path = Images/IMG_0247.jpg; sourceTree = "<group>"; };
		499991B21AA95C82008CF211 /* BorderLabel.swift */ = {isa = PBXFileReference; fileEncoding = 4; lastKnownFileType = sourcecode.swift; path = BorderLabel.swift; sourceTree = "<group>"; };
/* End PBXFileReference section */

/* Begin PBXFrameworksBuildPhase section */
		4999917C1AA93BE3008CF211 /* Frameworks */ = {
			isa = PBXFrameworksBuildPhase;
			buildActionMask = 2147483647;
			files = (
			);
			runOnlyForDeploymentPostprocessing = 0;
		};
		499991911AA93BE3008CF211 /* Frameworks */ = {
			isa = PBXFrameworksBuildPhase;
			buildActionMask = 2147483647;
			files = (
			);
			runOnlyForDeploymentPostprocessing = 0;
		};
/* End PBXFrameworksBuildPhase section */

/* Begin PBXGroup section */
		492B728B1AEAD1910014DED3 /* HTML */ = {
			isa = PBXGroup;
			children = (
				492B728C1AEAD1C80014DED3 /* work.html */,
				492B72951AEB1C710014DED3 /* education.html */,
				492B729B1AEB1F180014DED3 /* projects.html */,
				492B72A11AEB21730014DED3 /* skills.html */,
			);
			name = HTML;
			sourceTree = "<group>";
		};
		492B72A51AEB238E0014DED3 /* View Controllers */ = {
			isa = PBXGroup;
			children = (
				494EDA7F1AE8713F003647A5 /* MasterVC.swift */,
				492B72741AE9DCEB0014DED3 /* InfoVC.swift */,
				492B72721AE9DA3D0014DED3 /* WorkVC.swift */,
				492B72931AEB1BA60014DED3 /* EducationVC.swift */,
				492B72991AEB1EF90014DED3 /* ProjectsVC.swift */,
				492B729F1AEB21540014DED3 /* SkillsVC.swift */,
			);
			name = "View Controllers";
			sourceTree = "<group>";
		};
		492B72A81AEB612B0014DED3 /* Images */ = {
			isa = PBXGroup;
			children = (
				492B72A61AEB24A10014DED3 /* Thomson-Reuters.jpg */,
				492B72A31AEB22950014DED3 /* lighthouse.jpg */,
				492B729D1AEB20270014DED3 /* hidrate.png */,
				492B72971AEB1DD20014DED3 /* umn.jpg */,
				499991A71AA94A8F008CF211 /* IMG_0247.jpg */,
			);
			name = Images;
			sourceTree = "<group>";
		};
		499991761AA93BE3008CF211 = {
			isa = PBXGroup;
			children = (
				499991811AA93BE3008CF211 /* WWDC15 */,
				499991971AA93BE3008CF211 /* WWDC15Tests */,
				499991801AA93BE3008CF211 /* Products */,
			);
			sourceTree = "<group>";
		};
		499991801AA93BE3008CF211 /* Products */ = {
			isa = PBXGroup;
			children = (
				4999917F1AA93BE3008CF211 /* Marc Cuva.app */,
				499991941AA93BE3008CF211 /* WWDC15Tests.xctest */,
			);
			name = Products;
			sourceTree = "<group>";
		};
		499991811AA93BE3008CF211 /* WWDC15 */ = {
			isa = PBXGroup;
			children = (
				499991881AA93BE3008CF211 /* Main.storyboard */,
				492B72841AE9F16C0014DED3 /* DecelerationBehaviour.h */,
				492B72851AE9F16C0014DED3 /* DecelerationBehaviour.m */,
				492B72861AE9F16C0014DED3 /* UIImage+StackBlur.h */,
				492B72871AE9F16C0014DED3 /* UIImage+StackBlur.m */,
				492B72901AEAD5C10014DED3 /* HTMLFileDisplayer.h */,
				492B72911AEAD5C10014DED3 /* HTMLFileDisplayer.m */,
				492B72701AE997540014DED3 /* AnimationController.swift */,
				499991B21AA95C82008CF211 /* BorderLabel.swift */,
				492B72761AE9E7940014DED3 /* ScrollingView.swift */,
				492B72A91AEBF23F0014DED3 /* Colors.swift */,
				492B72AB1AEC07500014DED3 /* ButtonView.swift */,
				492B72A51AEB238E0014DED3 /* View Controllers */,
				492B728B1AEAD1910014DED3 /* HTML */,
				499991821AA93BE3008CF211 /* Supporting Files */,
			);
			path = WWDC15;
			sourceTree = "<group>";
		};
		499991821AA93BE3008CF211 /* Supporting Files */ = {
			isa = PBXGroup;
			children = (
				492B72A81AEB612B0014DED3 /* Images */,
				499991841AA93BE3008CF211 /* AppDelegate.swift */,
				499991831AA93BE3008CF211 /* Info.plist */,
				492B728A1AE9F1920014DED3 /* Marc-Cuva-BridgingHeader.h */,
				4999918B1AA93BE3008CF211 /* Images.xcassets */,
				4999918D1AA93BE3008CF211 /* LaunchScreen.xib */,
			);
			name = "Supporting Files";
			sourceTree = "<group>";
		};
		499991971AA93BE3008CF211 /* WWDC15Tests */ = {
			isa = PBXGroup;
			children = (
				4999919A1AA93BE3008CF211 /* WWDC15Tests.swift */,
				499991981AA93BE3008CF211 /* Supporting Files */,
			);
			path = WWDC15Tests;
			sourceTree = "<group>";
		};
		499991981AA93BE3008CF211 /* Supporting Files */ = {
			isa = PBXGroup;
			children = (
				499991991AA93BE3008CF211 /* Info.plist */,
			);
			name = "Supporting Files";
			sourceTree = "<group>";
		};
/* End PBXGroup section */

/* Begin PBXNativeTarget section */
		4999917E1AA93BE3008CF211 /* Marc Cuva */ = {
			isa = PBXNativeTarget;
			buildConfigurationList = 4999919E1AA93BE3008CF211 /* Build configuration list for PBXNativeTarget "Marc Cuva" */;
			buildPhases = (
				4999917B1AA93BE3008CF211 /* Sources */,
				4999917C1AA93BE3008CF211 /* Frameworks */,
				4999917D1AA93BE3008CF211 /* Resources */,
			);
			buildRules = (
			);
			dependencies = (
			);
			name = "Marc Cuva";
			productName = WWDC15;
			productReference = 4999917F1AA93BE3008CF211 /* Marc Cuva.app */;
			productType = "com.apple.product-type.application";
		};
		499991931AA93BE3008CF211 /* WWDC15Tests */ = {
			isa = PBXNativeTarget;
			buildConfigurationList = 499991A11AA93BE3008CF211 /* Build configuration list for PBXNativeTarget "WWDC15Tests" */;
			buildPhases = (
				499991901AA93BE3008CF211 /* Sources */,
				499991911AA93BE3008CF211 /* Frameworks */,
				499991921AA93BE3008CF211 /* Resources */,
			);
			buildRules = (
			);
			dependencies = (
				499991961AA93BE3008CF211 /* PBXTargetDependency */,
			);
			name = WWDC15Tests;
			productName = WWDC15Tests;
			productReference = 499991941AA93BE3008CF211 /* WWDC15Tests.xctest */;
			productType = "com.apple.product-type.bundle.unit-test";
		};
/* End PBXNativeTarget section */

/* Begin PBXProject section */
		499991771AA93BE3008CF211 /* Project object */ = {
			isa = PBXProject;
			attributes = {
				LastUpgradeCheck = 0610;
				ORGANIZATIONNAME = cuva;
				TargetAttributes = {
					4999917E1AA93BE3008CF211 = {
						CreatedOnToolsVersion = 6.1.1;
						DevelopmentTeam = S9PLJWKQVD;
					};
					499991931AA93BE3008CF211 = {
						CreatedOnToolsVersion = 6.1.1;
						TestTargetID = 4999917E1AA93BE3008CF211;
					};
				};
			};
			buildConfigurationList = 4999917A1AA93BE3008CF211 /* Build configuration list for PBXProject "Marc Cuva" */;
			compatibilityVersion = "Xcode 3.2";
			developmentRegion = English;
			hasScannedForEncodings = 0;
			knownRegions = (
				en,
				Base,
			);
			mainGroup = 499991761AA93BE3008CF211;
			productRefGroup = 499991801AA93BE3008CF211 /* Products */;
			projectDirPath = "";
			projectRoot = "";
			targets = (
				4999917E1AA93BE3008CF211 /* Marc Cuva */,
				499991931AA93BE3008CF211 /* WWDC15Tests */,
			);
		};
/* End PBXProject section */

/* Begin PBXResourcesBuildPhase section */
		4999917D1AA93BE3008CF211 /* Resources */ = {
			isa = PBXResourcesBuildPhase;
			buildActionMask = 2147483647;
			files = (
				492B72A41AEB22950014DED3 /* lighthouse.jpg in Resources */,
				499991A81AA94A8F008CF211 /* IMG_0247.jpg in Resources */,
				492B72961AEB1C710014DED3 /* education.html in Resources */,
				492B72A21AEB21730014DED3 /* skills.html in Resources */,
				492B729C1AEB1F180014DED3 /* projects.html in Resources */,
				492B72981AEB1DD20014DED3 /* umn.jpg in Resources */,
				4999918A1AA93BE3008CF211 /* Main.storyboard in Resources */,
				4999918F1AA93BE3008CF211 /* LaunchScreen.xib in Resources */,
				492B729E1AEB20270014DED3 /* hidrate.png in Resources */,
				492B72A71AEB24A10014DED3 /* Thomson-Reuters.jpg in Resources */,
				492B728D1AEAD1C80014DED3 /* work.html in Resources */,
				4999918C1AA93BE3008CF211 /* Images.xcassets in Resources */,
			);
			runOnlyForDeploymentPostprocessing = 0;
		};
		499991921AA93BE3008CF211 /* Resources */ = {
			isa = PBXResourcesBuildPhase;
			buildActionMask = 2147483647;
			files = (
			);
			runOnlyForDeploymentPostprocessing = 0;
		};
/* End PBXResourcesBuildPhase section */

/* Begin PBXSourcesBuildPhase section */
		4999917B1AA93BE3008CF211 /* Sources */ = {
			isa = PBXSourcesBuildPhase;
			buildActionMask = 2147483647;
			files = (
				492B72A01AEB21540014DED3 /* SkillsVC.swift in Sources */,
				492B72881AE9F16C0014DED3 /* DecelerationBehaviour.m in Sources */,
				492B72AC1AEC07500014DED3 /* ButtonView.swift in Sources */,
				492B72711AE997540014DED3 /* AnimationController.swift in Sources */,
				492B72AA1AEBF23F0014DED3 /* Colors.swift in Sources */,
				492B72921AEAD5C10014DED3 /* HTMLFileDisplayer.m in Sources */,
				494EDA801AE8713F003647A5 /* MasterVC.swift in Sources */,
				492B72771AE9E7940014DED3 /* ScrollingView.swift in Sources */,
				492B72891AE9F16C0014DED3 /* UIImage+StackBlur.m in Sources */,
				492B72751AE9DCEB0014DED3 /* InfoVC.swift in Sources */,
				499991851AA93BE3008CF211 /* AppDelegate.swift in Sources */,
				492B729A1AEB1EF90014DED3 /* ProjectsVC.swift in Sources */,
				492B72941AEB1BA60014DED3 /* EducationVC.swift in Sources */,
				499991B31AA95C82008CF211 /* BorderLabel.swift in Sources */,
				492B72731AE9DA3D0014DED3 /* WorkVC.swift in Sources */,
			);
			runOnlyForDeploymentPostprocessing = 0;
		};
		499991901AA93BE3008CF211 /* Sources */ = {
			isa = PBXSourcesBuildPhase;
			buildActionMask = 2147483647;
			files = (
				4999919B1AA93BE3008CF211 /* WWDC15Tests.swift in Sources */,
			);
			runOnlyForDeploymentPostprocessing = 0;
		};
/* End PBXSourcesBuildPhase section */

/* Begin PBXTargetDependency section */
		499991961AA93BE3008CF211 /* PBXTargetDependency */ = {
			isa = PBXTargetDependency;
			target = 4999917E1AA93BE3008CF211 /* Marc Cuva */;
			targetProxy = 499991951AA93BE3008CF211 /* PBXContainerItemProxy */;
		};
/* End PBXTargetDependency section */

/* Begin PBXVariantGroup section */
		499991881AA93BE3008CF211 /* Main.storyboard */ = {
			isa = PBXVariantGroup;
			children = (
				499991891AA93BE3008CF211 /* Base */,
			);
			name = Main.storyboard;
			sourceTree = "<group>";
		};
		4999918D1AA93BE3008CF211 /* LaunchScreen.xib */ = {
			isa = PBXVariantGroup;
			children = (
				4999918E1AA93BE3008CF211 /* Base */,
			);
			name = LaunchScreen.xib;
			sourceTree = "<group>";
		};
/* End PBXVariantGroup section */

/* Begin XCBuildConfiguration section */
		4999919C1AA93BE3008CF211 /* Debug */ = {
			isa = XCBuildConfiguration;
			buildSettings = {
				ALWAYS_SEARCH_USER_PATHS = NO;
				CLANG_CXX_LANGUAGE_STANDARD = "gnu++0x";
				CLANG_CXX_LIBRARY = "libc++";
				CLANG_ENABLE_MODULES = YES;
				CLANG_ENABLE_OBJC_ARC = YES;
				CLANG_WARN_BOOL_CONVERSION = YES;
				CLANG_WARN_CONSTANT_CONVERSION = YES;
				CLANG_WARN_DIRECT_OBJC_ISA_USAGE = YES_ERROR;
				CLANG_WARN_EMPTY_BODY = YES;
				CLANG_WARN_ENUM_CONVERSION = YES;
				CLANG_WARN_INT_CONVERSION = YES;
				CLANG_WARN_OBJC_ROOT_CLASS = YES_ERROR;
				CLANG_WARN_UNREACHABLE_CODE = YES;
				CLANG_WARN__DUPLICATE_METHOD_MATCH = YES;
				"CODE_SIGN_IDENTITY[sdk=iphoneos*]" = "iPhone Developer";
				COPY_PHASE_STRIP = NO;
				ENABLE_STRICT_OBJC_MSGSEND = YES;
				GCC_C_LANGUAGE_STANDARD = gnu99;
				GCC_DYNAMIC_NO_PIC = NO;
				GCC_OPTIMIZATION_LEVEL = 0;
				GCC_PREPROCESSOR_DEFINITIONS = (
					"DEBUG=1",
					"$(inherited)",
				);
				GCC_SYMBOLS_PRIVATE_EXTERN = NO;
				GCC_WARN_64_TO_32_BIT_CONVERSION = YES;
				GCC_WARN_ABOUT_RETURN_TYPE = YES_ERROR;
				GCC_WARN_UNDECLARED_SELECTOR = YES;
				GCC_WARN_UNINITIALIZED_AUTOS = YES_AGGRESSIVE;
				GCC_WARN_UNUSED_FUNCTION = YES;
				GCC_WARN_UNUSED_VARIABLE = YES;
				IPHONEOS_DEPLOYMENT_TARGET = 8.1;
				MTL_ENABLE_DEBUG_INFO = YES;
				ONLY_ACTIVE_ARCH = YES;
				SDKROOT = iphoneos;
				SWIFT_OPTIMIZATION_LEVEL = "-Onone";
				TARGETED_DEVICE_FAMILY = 2;
			};
			name = Debug;
		};
		4999919D1AA93BE3008CF211 /* Release */ = {
			isa = XCBuildConfiguration;
			buildSettings = {
				ALWAYS_SEARCH_USER_PATHS = NO;
				CLANG_CXX_LANGUAGE_STANDARD = "gnu++0x";
				CLANG_CXX_LIBRARY = "libc++";
				CLANG_ENABLE_MODULES = YES;
				CLANG_ENABLE_OBJC_ARC = YES;
				CLANG_WARN_BOOL_CONVERSION = YES;
				CLANG_WARN_CONSTANT_CONVERSION = YES;
				CLANG_WARN_DIRECT_OBJC_ISA_USAGE = YES_ERROR;
				CLANG_WARN_EMPTY_BODY = YES;
				CLANG_WARN_ENUM_CONVERSION = YES;
				CLANG_WARN_INT_CONVERSION = YES;
				CLANG_WARN_OBJC_ROOT_CLASS = YES_ERROR;
				CLANG_WARN_UNREACHABLE_CODE = YES;
				CLANG_WARN__DUPLICATE_METHOD_MATCH = YES;
				"CODE_SIGN_IDENTITY[sdk=iphoneos*]" = "iPhone Developer";
				COPY_PHASE_STRIP = YES;
				ENABLE_NS_ASSERTIONS = NO;
				ENABLE_STRICT_OBJC_MSGSEND = YES;
				GCC_C_LANGUAGE_STANDARD = gnu99;
				GCC_WARN_64_TO_32_BIT_CONVERSION = YES;
				GCC_WARN_ABOUT_RETURN_TYPE = YES_ERROR;
				GCC_WARN_UNDECLARED_SELECTOR = YES;
				GCC_WARN_UNINITIALIZED_AUTOS = YES_AGGRESSIVE;
				GCC_WARN_UNUSED_FUNCTION = YES;
				GCC_WARN_UNUSED_VARIABLE = YES;
				IPHONEOS_DEPLOYMENT_TARGET = 8.1;
				MTL_ENABLE_DEBUG_INFO = NO;
				SDKROOT = iphoneos;
				TARGETED_DEVICE_FAMILY = 2;
				VALIDATE_PRODUCT = YES;
			};
			name = Release;
		};
		4999919F1AA93BE3008CF211 /* Debug */ = {
			isa = XCBuildConfiguration;
			buildSettings = {
				ASSETCATALOG_COMPILER_APPICON_NAME = AppIcon;
				CLANG_ENABLE_MODULES = YES;
				INFOPLIST_FILE = WWDC15/Info.plist;
				IPHONEOS_DEPLOYMENT_TARGET = 8.3;
				LD_RUNPATH_SEARCH_PATHS = "$(inherited) @executable_path/Frameworks";
				PRODUCT_NAME = "$(TARGET_NAME)";
				SWIFT_OBJC_BRIDGING_HEADER = "WWDC15/Marc-Cuva-BridgingHeader.h";
				SWIFT_OPTIMIZATION_LEVEL = "-Onone";
			};
			name = Debug;
		};
		499991A01AA93BE3008CF211 /* Release */ = {
			isa = XCBuildConfiguration;
			buildSettings = {
				ASSETCATALOG_COMPILER_APPICON_NAME = AppIcon;
				CLANG_ENABLE_MODULES = YES;
				INFOPLIST_FILE = WWDC15/Info.plist;
				IPHONEOS_DEPLOYMENT_TARGET = 8.3;
				LD_RUNPATH_SEARCH_PATHS = "$(inherited) @executable_path/Frameworks";
				PRODUCT_NAME = "$(TARGET_NAME)";
				SWIFT_OBJC_BRIDGING_HEADER = "WWDC15/Marc-Cuva-BridgingHeader.h";
			};
			name = Release;
		};
		499991A21AA93BE3008CF211 /* Debug */ = {
			isa = XCBuildConfiguration;
			buildSettings = {
				BUNDLE_LOADER = "$(TEST_HOST)";
				FRAMEWORK_SEARCH_PATHS = (
					"$(SDKROOT)/Developer/Library/Frameworks",
					"$(inherited)",
				);
				GCC_PREPROCESSOR_DEFINITIONS = (
					"DEBUG=1",
					"$(inherited)",
				);
				INFOPLIST_FILE = WWDC15Tests/Info.plist;
				LD_RUNPATH_SEARCH_PATHS = "$(inherited) @executable_path/Frameworks @loader_path/Frameworks";
				PRODUCT_NAME = "$(TARGET_NAME)";
				TEST_HOST = "$(BUILT_PRODUCTS_DIR)/WWDC15.app/WWDC15";
			};
			name = Debug;
		};
		499991A31AA93BE3008CF211 /* Release */ = {
			isa = XCBuildConfiguration;
			buildSettings = {
				BUNDLE_LOADER = "$(TEST_HOST)";
				FRAMEWORK_SEARCH_PATHS = (
					"$(SDKROOT)/Developer/Library/Frameworks",
					"$(inherited)",
				);
				INFOPLIST_FILE = WWDC15Tests/Info.plist;
				LD_RUNPATH_SEARCH_PATHS = "$(inherited) @executable_path/Frameworks @loader_path/Frameworks";
				PRODUCT_NAME = "$(TARGET_NAME)";
				TEST_HOST = "$(BUILT_PRODUCTS_DIR)/WWDC15.app/WWDC15";
			};
			name = Release;
		};
/* End XCBuildConfiguration section */

/* Begin XCConfigurationList section */
		4999917A1AA93BE3008CF211 /* Build configuration list for PBXProject "Marc Cuva" */ = {
			isa = XCConfigurationList;
			buildConfigurations = (
				4999919C1AA93BE3008CF211 /* Debug */,
				4999919D1AA93BE3008CF211 /* Release */,
			);
			defaultConfigurationIsVisible = 0;
			defaultConfigurationName = Release;
		};
		4999919E1AA93BE3008CF211 /* Build configuration list for PBXNativeTarget "Marc Cuva" */ = {
			isa = XCConfigurationList;
			buildConfigurations = (
				4999919F1AA93BE3008CF211 /* Debug */,
				499991A01AA93BE3008CF211 /* Release */,
			);
			defaultConfigurationIsVisible = 0;
			defaultConfigurationName = Release;
		};
		499991A11AA93BE3008CF211 /* Build configuration list for PBXNativeTarget "WWDC15Tests" */ = {
			isa = XCConfigurationList;
			buildConfigurations = (
				499991A21AA93BE3008CF211 /* Debug */,
				499991A31AA93BE3008CF211 /* Release */,
			);
			defaultConfigurationIsVisible = 0;
			defaultConfigurationName = Release;
		};
/* End XCConfigurationList section */
	};
	rootObject = 499991771AA93BE3008CF211 /* Project object */;
}
